
Microsoft Visual Studio Solution File, Format Version 12.00
# Visual Studio Version 17
VisualStudioVersion = 17.14.36221.1 d17.14
MinimumVisualStudioVersion = 10.0.40219.1
Project("{FAE04EC0-301F-11D3-BF4B-00C04F79EFBC}") = "UserAuthenticationSystem", "UserAuthenticationSystem\UserAuthenticationSystem.csproj", "{CCB5BD2C-8CD0-46B7-B45E-E04608EECE7E}"
EndProject
Global
	GlobalSection(SolutionConfigurationPlatforms) = preSolution
		Debug|Any CPU = Debug|Any CPU
		Release|Any CPU = Release|Any CPU
	EndGlobalSection
	GlobalSection(ProjectConfigurationPlatforms) = postSolution
		{CCB5BD2C-8CD0-46B7-B45E-E04608EECE7E}.Debug|Any CPU.ActiveCfg = Debug|Any CPU
		{CCB5BD2C-8CD0-46B7-B45E-E04608EECE7E}.Debug|Any CPU.Build.0 = Debug|Any CPU
		{CCB5BD2C-8CD0-46B7-B45E-E04608EECE7E}.Release|Any CPU.ActiveCfg = Release|Any CPU
		{CCB5BD2C-8CD0-46B7-B45E-E04608EECE7E}.Release|Any CPU.Build.0 = Release|Any CPU
	EndGlobalSection
	GlobalSection(SolutionProperties) = preSolution
		HideSolutionNode = FALSE
	EndGlobalSection
	GlobalSection(ExtensibilityGlobals) = postSolution
		SolutionGuid = {0F3D4D21-93F4-4EF7-9CAD-12E10D4FB26B}
	EndGlobalSection
EndGlobal
